
Microsoft Visual Studio Solution File, Format Version 11.00
# Visual Studio 2010
Project("{FAE04EC0-301F-11D3-BF4B-00C04F79EFBC}") = "Assembly-CSharp", "Assembly-CSharp.csproj", "{cf0834c7-fca7-7c62-8cb9-1bdd9f290ac5}"
EndProject
Project("{FAE04EC0-301F-11D3-BF4B-00C04F79EFBC}") = "Assembly-CSharp-Editor", "Assembly-CSharp-Editor.csproj", "{4809c0a1-38e7-d4b7-c3b7-9309f8b4e329}"
EndProject
Global
	GlobalSection(SolutionConfigurationPlatforms) = preSolution
		Debug|Any CPU = Debug|Any CPU
	EndGlobalSection
	GlobalSection(ProjectConfigurationPlatforms) = postSolution
		{cf0834c7-fca7-7c62-8cb9-1bdd9f290ac5}.Debug|Any CPU.ActiveCfg = Debug|Any CPU
		{cf0834c7-fca7-7c62-8cb9-1bdd9f290ac5}.Debug|Any CPU.Build.0 = Debug|Any CPU
		{4809c0a1-38e7-d4b7-c3b7-9309f8b4e329}.Debug|Any CPU.ActiveCfg = Debug|Any CPU
		{4809c0a1-38e7-d4b7-c3b7-9309f8b4e329}.Debug|Any CPU.Build.0 = Debug|Any CPU
	EndGlobalSection
	GlobalSection(SolutionProperties) = preSolution
		HideSolutionNode = FALSE
	EndGlobalSection
EndGlobal
